
Microsoft Visual Studio Solution File, Format Version 12.00
# Visual Studio 15
Project("{FAE04EC0-301F-11D3-BF4B-00C04F79EFBC}") = "Backing_textures.Plugins", "Backing_textures.Plugins.csproj", "{445BB67B-CA18-73F4-ABCD-76CFB254A4A9}"
EndProject
Project("{FAE04EC0-301F-11D3-BF4B-00C04F79EFBC}") = "Backing_textures", "Backing_textures.csproj", "{3BD7110E-15A3-A745-84FC-D0E8FEA73947}"
EndProject
Project("{FAE04EC0-301F-11D3-BF4B-00C04F79EFBC}") = "Backing_textures.Editor.Plugins", "Backing_textures.Editor.Plugins.csproj", "{D07B0A00-CC7B-4B4F-AE0E-8590B6A41E6D}"
EndProject
Global
	GlobalSection(SolutionConfigurationPlatforms) = preSolution
		Debug|Any CPU = Debug|Any CPU
		Release|Any CPU = Release|Any CPU
	EndGlobalSection
	GlobalSection(ProjectConfigurationPlatforms) = postSolution
		{445BB67B-CA18-73F4-ABCD-76CFB254A4A9}.Debug|Any CPU.ActiveCfg = Debug|Any CPU
		{445BB67B-CA18-73F4-ABCD-76CFB254A4A9}.Debug|Any CPU.Build.0 = Debug|Any CPU
		{445BB67B-CA18-73F4-ABCD-76CFB254A4A9}.Release|Any CPU.ActiveCfg = Release|Any CPU
		{445BB67B-CA18-73F4-ABCD-76CFB254A4A9}.Release|Any CPU.Build.0 = Release|Any CPU
		{3BD7110E-15A3-A745-84FC-D0E8FEA73947}.Debug|Any CPU.ActiveCfg = Debug|Any CPU
		{3BD7110E-15A3-A745-84FC-D0E8FEA73947}.Debug|Any CPU.Build.0 = Debug|Any CPU
		{3BD7110E-15A3-A745-84FC-D0E8FEA73947}.Release|Any CPU.ActiveCfg = Release|Any CPU
		{3BD7110E-15A3-A745-84FC-D0E8FEA73947}.Release|Any CPU.Build.0 = Release|Any CPU
		{D07B0A00-CC7B-4B4F-AE0E-8590B6A41E6D}.Debug|Any CPU.ActiveCfg = Debug|Any CPU
		{D07B0A00-CC7B-4B4F-AE0E-8590B6A41E6D}.Debug|Any CPU.Build.0 = Debug|Any CPU
		{D07B0A00-CC7B-4B4F-AE0E-8590B6A41E6D}.Release|Any CPU.ActiveCfg = Release|Any CPU
		{D07B0A00-CC7B-4B4F-AE0E-8590B6A41E6D}.Release|Any CPU.Build.0 = Release|Any CPU
	EndGlobalSection
	GlobalSection(SolutionProperties) = preSolution
		HideSolutionNode = FALSE
	EndGlobalSection
EndGlobal
